// !$*UTF8*$!
{
	archiveVersion = 1;
	classes = {
	};
	objectVersion = 55;
	objects = {

/* Begin PBXBuildFile section */
		AF8F612B291925CB006B86E2 /* AppDelegate.m in Sources */ = {isa = PBXBuildFile; fileRef = AF8F612A291925CB006B86E2 /* AppDelegate.m */; };
		AF8F612D291925CB006B86E2 /* GameScene.sks in Resources */ = {isa = PBXBuildFile; fileRef = AF8F612C291925CB006B86E2 /* GameScene.sks */; };
		AF8F612F291925CB006B86E2 /* Actions.sks in Resources */ = {isa = PBXBuildFile; fileRef = AF8F612E291925CB006B86E2 /* Actions.sks */; };
		AF8F6132291925CB006B86E2 /* GameScene.m in Sources */ = {isa = PBXBuildFile; fileRef = AF8F6131291925CB006B86E2 /* GameScene.m */; };
		AF8F6135291925CB006B86E2 /* GameViewController.m in Sources */ = {isa = PBXBuildFile; fileRef = AF8F6134291925CB006B86E2 /* GameViewController.m */; };
		AF8F6138291925CB006B86E2 /* Main.storyboard in Resources */ = {isa = PBXBuildFile; fileRef = AF8F6136291925CB006B86E2 /* Main.storyboard */; };
		AF8F613A291925CD006B86E2 /* Assets.xcassets in Resources */ = {isa = PBXBuildFile; fileRef = AF8F6139291925CD006B86E2 /* Assets.xcassets */; };
		AF8F613D291925CD006B86E2 /* LaunchScreen.storyboard in Resources */ = {isa = PBXBuildFile; fileRef = AF8F613B291925CD006B86E2 /* LaunchScreen.storyboard */; };
		AF8F613F291925CD006B86E2 /* main.m in Sources */ = {isa = PBXBuildFile; fileRef = AF8F613E291925CD006B86E2 /* main.m */; };
/* End PBXBuildFile section */

/* Begin PBXFileReference section */
		AF8F6126291925CB006B86E2 /* oldPhoneToSwift.app */ = {isa = PBXFileReference; explicitFileType = wrapper.application; includeInIndex = 0; path = oldPhoneToSwift.app; sourceTree = BUILT_PRODUCTS_DIR; };
		AF8F6129291925CB006B86E2 /* AppDelegate.h */ = {isa = PBXFileReference; lastKnownFileType = sourcecode.c.h; path = AppDelegate.h; sourceTree = "<group>"; };
		AF8F612A291925CB006B86E2 /* AppDelegate.m */ = {isa = PBXFileReference; lastKnownFileType = sourcecode.c.objc; path = AppDelegate.m; sourceTree = "<group>"; };
		AF8F612C291925CB006B86E2 /* GameScene.sks */ = {isa = PBXFileReference; lastKnownFileType = file.sks; path = GameScene.sks; sourceTree = "<group>"; };
		AF8F612E291925CB006B86E2 /* Actions.sks */ = {isa = PBXFileReference; lastKnownFileType = file.sks; path = Actions.sks; sourceTree = "<group>"; };
		AF8F6130291925CB006B86E2 /* GameScene.h */ = {isa = PBXFileReference; lastKnownFileType = sourcecode.c.h; path = GameScene.h; sourceTree = "<group>"; };
		AF8F6131291925CB006B86E2 /* GameScene.m */ = {isa = PBXFileReference; lastKnownFileType = sourcecode.c.objc; path = GameScene.m; sourceTree = "<group>"; };
		AF8F6133291925CB006B86E2 /* GameViewController.h */ = {isa = PBXFileReference; lastKnownFileType = sourcecode.c.h; path = GameViewController.h; sourceTree = "<group>"; };
		AF8F6134291925CB006B86E2 /* GameViewController.m */ = {isa = PBXFileReference; lastKnownFileType = sourcecode.c.objc; path = GameViewController.m; sourceTree = "<group>"; };
		AF8F6137291925CB006B86E2 /* Base */ = {isa = PBXFileReference; lastKnownFileType = file.storyboard; name = Base; path = Base.lproj/Main.storyboard; sourceTree = "<group>"; };
		AF8F6139291925CD006B86E2 /* Assets.xcassets */ = {isa = PBXFileReference; lastKnownFileType = folder.assetcatalog; path = Assets.xcassets; sourceTree = "<group>"; };
		AF8F613C291925CD006B86E2 /* Base */ = {isa = PBXFileReference; lastKnownFileType = file.storyboard; name = Base; path = Base.lproj/LaunchScreen.storyboard; sourceTree = "<group>"; };
		AF8F613E291925CD006B86E2 /* main.m */ = {isa = PBXFileReference; lastKnownFileType = sourcecode.c.objc; path = main.m; sourceTree = "<group>"; };
/* End PBXFileReference section */

/* Begin PBXFrameworksBuildPhase section */
		AF8F6123291925CA006B86E2 /* Frameworks */ = {
			isa = PBXFrameworksBuildPhase;
			buildActionMask = 2147483647;
			files = (
			);
			runOnlyForDeploymentPostprocessing = 0;
		};
/* End PBXFrameworksBuildPhase section */

/* Begin PBXGroup section */
		AF8F611D291925CA006B86E2 = {
			isa = PBXGroup;
			children = (
				AF8F6128291925CB006B86E2 /* oldPhoneToSwift */,
				AF8F6127291925CB006B86E2 /* Products */,
			);
			sourceTree = "<group>";
		};
		AF8F6127291925CB006B86E2 /* Products */ = {
			isa = PBXGroup;
			children = (
				AF8F6126291925CB006B86E2 /* oldPhoneToSwift.app */,
			);
			name = Products;
			sourceTree = "<group>";
		};
		AF8F6128291925CB006B86E2 /* oldPhoneToSwift */ = {
			isa = PBXGroup;
			children = (
				AF8F6129291925CB006B86E2 /* AppDelegate.h */,
				AF8F612A291925CB006B86E2 /* AppDelegate.m */,
				AF8F612C291925CB006B86E2 /* GameScene.sks */,
				AF8F612E291925CB006B86E2 /* Actions.sks */,
				AF8F6130291925CB006B86E2 /* GameScene.h */,
				AF8F6131291925CB006B86E2 /* GameScene.m */,
				AF8F6133291925CB006B86E2 /* GameViewController.h */,
				AF8F6134291925CB006B86E2 /* GameViewController.m */,
				AF8F6136291925CB006B86E2 /* Main.storyboard */,
				AF8F6139291925CD006B86E2 /* Assets.xcassets */,
				AF8F613B291925CD006B86E2 /* LaunchScreen.storyboard */,
				AF8F613E291925CD006B86E2 /* main.m */,
			);
			path = oldPhoneToSwift;
			sourceTree = "<group>";
		};
/* End PBXGroup section */

/* Begin PBXNativeTarget section */
		AF8F6125291925CA006B86E2 /* oldPhoneToSwift */ = {
			isa = PBXNativeTarget;
			buildConfigurationList = AF8F6142291925CD006B86E2 /* Build configuration list for PBXNativeTarget "oldPhoneToSwift" */;
			buildPhases = (
				AF8F6122291925CA006B86E2 /* Sources */,
				AF8F6123291925CA006B86E2 /* Frameworks */,
				AF8F6124291925CA006B86E2 /* Resources */,
			);
			buildRules = (
			);
			dependencies = (
			);
			name = oldPhoneToSwift;
			productName = oldPhoneToSwift;
			productReference = AF8F6126291925CB006B86E2 /* oldPhoneToSwift.app */;
			productType = "com.apple.product-type.application";
		};
/* End PBXNativeTarget section */

/* Begin PBXProject section */
		AF8F611E291925CA006B86E2 /* Project object */ = {
			isa = PBXProject;
			attributes = {
				BuildIndependentTargetsInParallel = 1;
				LastUpgradeCheck = 1340;
				TargetAttributes = {
					AF8F6125291925CA006B86E2 = {
						CreatedOnToolsVersion = 13.4.1;
					};
				};
			};
			buildConfigurationList = AF8F6121291925CA006B86E2 /* Build configuration list for PBXProject "oldPhoneToSwift" */;
			compatibilityVersion = "Xcode 13.0";
			developmentRegion = en;
			hasScannedForEncodings = 0;
			knownRegions = (
				en,
				Base,
			);
			mainGroup = AF8F611D291925CA006B86E2;
			productRefGroup = AF8F6127291925CB006B86E2 /* Products */;
			projectDirPath = "";
			projectRoot = "";
			targets = (
				AF8F6125291925CA006B86E2 /* oldPhoneToSwift */,
			);
		};
/* End PBXProject section */

/* Begin PBXResourcesBuildPhase section */
		AF8F6124291925CA006B86E2 /* Resources */ = {
			isa = PBXResourcesBuildPhase;
			buildActionMask = 2147483647;
			files = (
				AF8F6138291925CB006B86E2 /* Main.storyboard in Resources */,
				AF8F612D291925CB006B86E2 /* GameScene.sks in Resources */,
				AF8F613A291925CD006B86E2 /* Assets.xcassets in Resources */,
				AF8F613D291925CD006B86E2 /* LaunchScreen.storyboard in Resources */,
				AF8F612F291925CB006B86E2 /* Actions.sks in Resources */,
			);
			runOnlyForDeploymentPostprocessing = 0;
		};
/* End PBXResourcesBuildPhase section */

/* Begin PBXSourcesBuildPhase section */
		AF8F6122291925CA006B86E2 /* Sources */ = {
			isa = PBXSourcesBuildPhase;
			buildActionMask = 2147483647;
			files = (
				AF8F6132291925CB006B86E2 /* GameScene.m in Sources */,
				AF8F6135291925CB006B86E2 /* GameViewController.m in Sources */,
				AF8F613F291925CD006B86E2 /* main.m in Sources */,
				AF8F612B291925CB006B86E2 /* AppDelegate.m in Sources */,
			);
			runOnlyForDeploymentPostprocessing = 0;
		};
/* End PBXSourcesBuildPhase section */

/* Begin PBXVariantGroup section */
		AF8F6136291925CB006B86E2 /* Main.storyboard */ = {
			isa = PBXVariantGroup;
			children = (
				AF8F6137291925CB006B86E2 /* Base */,
			);
			name = Main.storyboard;
			sourceTree = "<group>";
		};
		AF8F613B291925CD006B86E2 /* LaunchScreen.storyboard */ = {
			isa = PBXVariantGroup;
			children = (
				AF8F613C291925CD006B86E2 /* Base */,
			);
			name = LaunchScreen.storyboard;
			sourceTree = "<group>";
		};
/* End PBXVariantGroup section */

/* Begin XCBuildConfiguration section */
		AF8F6140291925CD006B86E2 /* Debug */ = {
			isa = XCBuildConfiguration;
			buildSettings = {
				ALWAYS_SEARCH_USER_PATHS = NO;
				CLANG_ANALYZER_NONNULL = YES;
				CLANG_ANALYZER_NUMBER_OBJECT_CONVERSION = YES_AGGRESSIVE;
				CLANG_CXX_LANGUAGE_STANDARD = "gnu++17";
				CLANG_ENABLE_MODULES = YES;
				CLANG_ENABLE_OBJC_ARC = YES;
				CLANG_ENABLE_OBJC_WEAK = YES;
				CLANG_WARN_BLOCK_CAPTURE_AUTORELEASING = YES;
				CLANG_WARN_BOOL_CONVERSION = YES;
				CLANG_WARN_COMMA = YES;
				CLANG_WARN_CONSTANT_CONVERSION = YES;
				CLANG_WARN_DEPRECATED_OBJC_IMPLEMENTATIONS = YES;
				CLANG_WARN_DIRECT_OBJC_ISA_USAGE = YES_ERROR;
				CLANG_WARN_DOCUMENTATION_COMMENTS = YES;
				CLANG_WARN_EMPTY_BODY = YES;
				CLANG_WARN_ENUM_CONVERSION = YES;
				CLANG_WARN_INFINITE_RECURSION = YES;
				CLANG_WARN_INT_CONVERSION = YES;
				CLANG_WARN_NON_LITERAL_NULL_CONVERSION = YES;
				CLANG_WARN_OBJC_IMPLICIT_RETAIN_SELF = YES;
				CLANG_WARN_OBJC_LITERAL_CONVERSION = YES;
				CLANG_WARN_OBJC_ROOT_CLASS = YES_ERROR;
				CLANG_WARN_QUOTED_INCLUDE_IN_FRAMEWORK_HEADER = YES;
				CLANG_WARN_RANGE_LOOP_ANALYSIS = YES;
				CLANG_WARN_STRICT_PROTOTYPES = YES;
				CLANG_WARN_SUSPICIOUS_MOVE = YES;
				CLANG_WARN_UNGUARDED_AVAILABILITY = YES_AGGRESSIVE;
				CLANG_WARN_UNREACHABLE_CODE = YES;
				CLANG_WARN__DUPLICATE_METHOD_MATCH = YES;
				COPY_PHASE_STRIP = NO;
				DEBUG_INFORMATION_FORMAT = dwarf;
				ENABLE_STRICT_OBJC_MSGSEND = YES;
				ENABLE_TESTABILITY = YES;
				GCC_C_LANGUAGE_STANDARD = gnu11;
				GCC_DYNAMIC_NO_PIC = NO;
				GCC_NO_COMMON_BLOCKS = YES;
				GCC_OPTIMIZATION_LEVEL = 0;
				GCC_PREPROCESSOR_DEFINITIONS = (
					"DEBUG=1",
					"$(inherited)",
				);
				GCC_WARN_64_TO_32_BIT_CONVERSION = YES;
				GCC_WARN_ABOUT_RETURN_TYPE = YES_ERROR;
				GCC_WARN_UNDECLARED_SELECTOR = YES;
				GCC_WARN_UNINITIALIZED_AUTOS = YES_AGGRESSIVE;
				GCC_WARN_UNUSED_FUNCTION = YES;
				GCC_WARN_UNUSED_VARIABLE = YES;
				IPHONEOS_DEPLOYMENT_TARGET = 15.5;
				MTL_ENABLE_DEBUG_INFO = INCLUDE_SOURCE;
				MTL_FAST_MATH = YES;
				ONLY_ACTIVE_ARCH = YES;
				SDKROOT = iphoneos;
			};
			name = Debug;
		};
		AF8F6141291925CD006B86E2 /* Release */ = {
			isa = XCBuildConfiguration;
			buildSettings = {
				ALWAYS_SEARCH_USER_PATHS = NO;
				CLANG_ANALYZER_NONNULL = YES;
				CLANG_ANALYZER_NUMBER_OBJECT_CONVERSION = YES_AGGRESSIVE;
				CLANG_CXX_LANGUAGE_STANDARD = "gnu++17";
				CLANG_ENABLE_MODULES = YES;
				CLANG_ENABLE_OBJC_ARC = YES;
				CLANG_ENABLE_OBJC_WEAK = YES;
				CLANG_WARN_BLOCK_CAPTURE_AUTORELEASING = YES;
				CLANG_WARN_BOOL_CONVERSION = YES;
				CLANG_WARN_COMMA = YES;
				CLANG_WARN_CONSTANT_CONVERSION = YES;
				CLANG_WARN_DEPRECATED_OBJC_IMPLEMENTATIONS = YES;
				CLANG_WARN_DIRECT_OBJC_ISA_USAGE = YES_ERROR;
				CLANG_WARN_DOCUMENTATION_COMMENTS = YES;
				CLANG_WARN_EMPTY_BODY = YES;
				CLANG_WARN_ENUM_CONVERSION = YES;
				CLANG_WARN_INFINITE_RECURSION = YES;
				CLANG_WARN_INT_CONVERSION = YES;
				CLANG_WARN_NON_LITERAL_NULL_CONVERSION = YES;
				CLANG_WARN_OBJC_IMPLICIT_RETAIN_SELF = YES;
				CLANG_WARN_OBJC_LITERAL_CONVERSION = YES;
				CLANG_WARN_OBJC_ROOT_CLASS = YES_ERROR;
				CLANG_WARN_QUOTED_INCLUDE_IN_FRAMEWORK_HEADER = YES;
				CLANG_WARN_RANGE_LOOP_ANALYSIS = YES;
				CLANG_WARN_STRICT_PROTOTYPES = YES;
				CLANG_WARN_SUSPICIOUS_MOVE = YES;
				CLANG_WARN_UNGUARDED_AVAILABILITY = YES_AGGRESSIVE;
				CLANG_WARN_UNREACHABLE_CODE = YES;
				CLANG_WARN__DUPLICATE_METHOD_MATCH = YES;
				COPY_PHASE_STRIP = NO;
				DEBUG_INFORMATION_FORMAT = "dwarf-with-dsym";
				ENABLE_NS_ASSERTIONS = NO;
				ENABLE_STRICT_OBJC_MSGSEND = YES;
				GCC_C_LANGUAGE_STANDARD = gnu11;
				GCC_NO_COMMON_BLOCKS = YES;
				GCC_WARN_64_TO_32_BIT_CONVERSION = YES;
				GCC_WARN_ABOUT_RETURN_TYPE = YES_ERROR;
				GCC_WARN_UNDECLARED_SELECTOR = YES;
				GCC_WARN_UNINITIALIZED_AUTOS = YES_AGGRESSIVE;
				GCC_WARN_UNUSED_FUNCTION = YES;
				GCC_WARN_UNUSED_VARIABLE = YES;
				IPHONEOS_DEPLOYMENT_TARGET = 15.5;
				MTL_ENABLE_DEBUG_INFO = NO;
				MTL_FAST_MATH = YES;
				SDKROOT = iphoneos;
				VALIDATE_PRODUCT = YES;
			};
			name = Release;
		};
		AF8F6143291925CD006B86E2 /* Debug */ = {
			isa = XCBuildConfiguration;
			buildSettings = {
				ASSETCATALOG_COMPILER_APPICON_NAME = AppIcon;
				ASSETCATALOG_COMPILER_GLOBAL_ACCENT_COLOR_NAME = AccentColor;
				CODE_SIGN_STYLE = Automatic;
				CURRENT_PROJECT_VERSION = 1;
				DEVELOPMENT_TEAM = TWGTE2FDR5;
				GENERATE_INFOPLIST_FILE = YES;
				INFOPLIST_KEY_UIApplicationSupportsIndirectInputEvents = YES;
				INFOPLIST_KEY_UILaunchStoryboardName = LaunchScreen;
				INFOPLIST_KEY_UIMainStoryboardFile = Main;
				INFOPLIST_KEY_UIStatusBarHidden = YES;
				INFOPLIST_KEY_UISupportedInterfaceOrientations_iPad = "UIInterfaceOrientationPortrait UIInterfaceOrientationPortraitUpsideDown UIInterfaceOrientationLandscapeLeft UIInterfaceOrientationLandscapeRight";
				INFOPLIST_KEY_UISupportedInterfaceOrientations_iPhone = "UIInterfaceOrientationPortrait UIInterfaceOrientationLandscapeLeft UIInterfaceOrientationLandscapeRight";
				LD_RUNPATH_SEARCH_PATHS = (
					"$(inherited)",
					"@executable_path/Frameworks",
				);
				MARKETING_VERSION = 1.0;
				PRODUCT_BUNDLE_IDENTIFIER = theRAA.oldPhoneToSwift;
				PRODUCT_NAME = "$(TARGET_NAME)";
				SWIFT_EMIT_LOC_STRINGS = YES;
				TARGETED_DEVICE_FAMILY = "1,2";
			};
			name = Debug;
		};
		AF8F6144291925CD006B86E2 /* Release */ = {
			isa = XCBuildConfiguration;
			buildSettings = {
				ASSETCATALOG_COMPILER_APPICON_NAME = AppIcon;
				ASSETCATALOG_COMPILER_GLOBAL_ACCENT_COLOR_NAME = AccentColor;
				CODE_SIGN_STYLE = Automatic;
				CURRENT_PROJECT_VERSION = 1;
				DEVELOPMENT_TEAM = TWGTE2FDR5;
				GENERATE_INFOPLIST_FILE = YES;
				INFOPLIST_KEY_UIApplicationSupportsIndirectInputEvents = YES;
				INFOPLIST_KEY_UILaunchStoryboardName = LaunchScreen;
				INFOPLIST_KEY_UIMainStoryboardFile = Main;
				INFOPLIST_KEY_UIStatusBarHidden = YES;
				INFOPLIST_KEY_UISupportedInterfaceOrientations_iPad = "UIInterfaceOrientationPortrait UIInterfaceOrientationPortraitUpsideDown UIInterfaceOrientationLandscapeLeft UIInterfaceOrientationLandscapeRight";
				INFOPLIST_KEY_UISupportedInterfaceOrientations_iPhone = "UIInterfaceOrientationPortrait UIInterfaceOrientationLandscapeLeft UIInterfaceOrientationLandscapeRight";
				LD_RUNPATH_SEARCH_PATHS = (
					"$(inherited)",
					"@executable_path/Frameworks",
				);
				MARKETING_VERSION = 1.0;
				PRODUCT_BUNDLE_IDENTIFIER = theRAA.oldPhoneToSwift;
				PRODUCT_NAME = "$(TARGET_NAME)";
				SWIFT_EMIT_LOC_STRINGS = YES;
				TARGETED_DEVICE_FAMILY = "1,2";
			};
			name = Release;
		};
/* End XCBuildConfiguration section */

/* Begin XCConfigurationList section */
		AF8F6121291925CA006B86E2 /* Build configuration list for PBXProject "oldPhoneToSwift" */ = {
			isa = XCConfigurationList;
			buildConfigurations = (
				AF8F6140291925CD006B86E2 /* Debug */,
				AF8F6141291925CD006B86E2 /* Release */,
			);
			defaultConfigurationIsVisible = 0;
			defaultConfigurationName = Release;
		};
		AF8F6142291925CD006B86E2 /* Build configuration list for PBXNativeTarget "oldPhoneToSwift" */ = {
			isa = XCConfigurationList;
			buildConfigurations = (
				AF8F6143291925CD006B86E2 /* Debug */,
				AF8F6144291925CD006B86E2 /* Release */,
			);
			defaultConfigurationIsVisible = 0;
			defaultConfigurationName = Release;
		};
/* End XCConfigurationList section */
	};
	rootObject = AF8F611E291925CA006B86E2 /* Project object */;
}
